
Microsoft Visual Studio Solution File, Format Version 12.00
# Visual Studio Version 16
VisualStudioVersion = 16.0.30914.41
MinimumVisualStudioVersion = 10.0.40219.1
Project("{9A19103F-16F7-4668-BE54-9A1E7A4F7556}") = "ASNBlacklister.WorkerService", "ASNBlacklister.WorkerService\ASNBlacklister.WorkerService.csproj", "{F23A0519-81C4-4464-8930-738E9AF32873}"
EndProject
Project("{2150E333-8FDC-42A3-9474-1A3956D46DE8}") = "Solution Items", "Solution Items", "{559C61FF-88D4-4A61-9B2C-0C1C7993B82B}"
	ProjectSection(SolutionItems) = preProject
		docker-compose.yml = docker-compose.yml
		Dockerfile = Dockerfile
	EndProjectSection
EndProject
Project("{9A19103F-16F7-4668-BE54-9A1E7A4F7556}") = "ASNBlacklister.Workflows", "ASNBlacklister.Workflows\ASNBlacklister.Workflows.csproj", "{61FB4094-01A6-4A2F-97D7-46E1D3B31742}"
EndProject
Project("{FAE04EC0-301F-11D3-BF4B-00C04F79EFBC}") = "ASNBlacklister.Workflows.Tests", "ASNBlacklister.Workflows.Tests\ASNBlacklister.Workflows.Tests.csproj", "{8708BB4F-BF98-4095-995F-66B6EA02929E}"
EndProject
Global
	GlobalSection(SolutionConfigurationPlatforms) = preSolution
		Debug|Any CPU = Debug|Any CPU
		Release|Any CPU = Release|Any CPU
	EndGlobalSection
	GlobalSection(ProjectConfigurationPlatforms) = postSolution
		{F23A0519-81C4-4464-8930-738E9AF32873}.Debug|Any CPU.ActiveCfg = Debug|Any CPU
		{F23A0519-81C4-4464-8930-738E9AF32873}.Debug|Any CPU.Build.0 = Debug|Any CPU
		{F23A0519-81C4-4464-8930-738E9AF32873}.Release|Any CPU.ActiveCfg = Release|Any CPU
		{F23A0519-81C4-4464-8930-738E9AF32873}.Release|Any CPU.Build.0 = Release|Any CPU
		{61FB4094-01A6-4A2F-97D7-46E1D3B31742}.Debug|Any CPU.ActiveCfg = Debug|Any CPU
		{61FB4094-01A6-4A2F-97D7-46E1D3B31742}.Debug|Any CPU.Build.0 = Debug|Any CPU
		{61FB4094-01A6-4A2F-97D7-46E1D3B31742}.Release|Any CPU.ActiveCfg = Release|Any CPU
		{61FB4094-01A6-4A2F-97D7-46E1D3B31742}.Release|Any CPU.Build.0 = Release|Any CPU
		{8708BB4F-BF98-4095-995F-66B6EA02929E}.Debug|Any CPU.ActiveCfg = Debug|Any CPU
		{8708BB4F-BF98-4095-995F-66B6EA02929E}.Debug|Any CPU.Build.0 = Debug|Any CPU
		{8708BB4F-BF98-4095-995F-66B6EA02929E}.Release|Any CPU.ActiveCfg = Release|Any CPU
		{8708BB4F-BF98-4095-995F-66B6EA02929E}.Release|Any CPU.Build.0 = Release|Any CPU
	EndGlobalSection
	GlobalSection(SolutionProperties) = preSolution
		HideSolutionNode = FALSE
	EndGlobalSection
	GlobalSection(ExtensibilityGlobals) = postSolution
		SolutionGuid = {AA4E1FAE-3E41-43C4-8581-ABC069FA3F34}
	EndGlobalSection
EndGlobal
